// !$*UTF8*$!
{
	archiveVersion = 1;
	classes = {
	};
	objectVersion = 55;
	objects = {

/* Begin PBXBuildFile section */
		787C86F5280538BA004D316B /* User.swift in Sources */ = {isa = PBXBuildFile; fileRef = 787C86F4280538BA004D316B /* User.swift */; };
		787C86F9280539F9004D316B /* UserTableViewCell.swift in Sources */ = {isa = PBXBuildFile; fileRef = 787C86F7280539F8004D316B /* UserTableViewCell.swift */; };
		787C86FA280539F9004D316B /* UserTableViewCell.xib in Resources */ = {isa = PBXBuildFile; fileRef = 787C86F8280539F8004D316B /* UserTableViewCell.xib */; };
		78A5C17A28042D6500DC5498 /* AppDelegate.swift in Sources */ = {isa = PBXBuildFile; fileRef = 78A5C17928042D6500DC5498 /* AppDelegate.swift */; };
		78A5C17C28042D6500DC5498 /* SceneDelegate.swift in Sources */ = {isa = PBXBuildFile; fileRef = 78A5C17B28042D6500DC5498 /* SceneDelegate.swift */; };
		78A5C17E28042D6500DC5498 /* ViewController.swift in Sources */ = {isa = PBXBuildFile; fileRef = 78A5C17D28042D6500DC5498 /* ViewController.swift */; };
		78A5C18128042D6500DC5498 /* Main.storyboard in Resources */ = {isa = PBXBuildFile; fileRef = 78A5C17F28042D6500DC5498 /* Main.storyboard */; };
		78A5C18328042D6A00DC5498 /* Assets.xcassets in Resources */ = {isa = PBXBuildFile; fileRef = 78A5C18228042D6A00DC5498 /* Assets.xcassets */; };
		78A5C18628042D6A00DC5498 /* LaunchScreen.storyboard in Resources */ = {isa = PBXBuildFile; fileRef = 78A5C18428042D6A00DC5498 /* LaunchScreen.storyboard */; };
		78A5C19128042DCC00DC5498 /* SignInViewController.swift in Sources */ = {isa = PBXBuildFile; fileRef = 78A5C18F28042DCC00DC5498 /* SignInViewController.swift */; };
		78A5C19228042DCC00DC5498 /* SignInViewController.xib in Resources */ = {isa = PBXBuildFile; fileRef = 78A5C19028042DCC00DC5498 /* SignInViewController.xib */; };
		78A5C1952804326E00DC5498 /* HomeViewController.swift in Sources */ = {isa = PBXBuildFile; fileRef = 78A5C1932804326E00DC5498 /* HomeViewController.swift */; };
		78A5C1962804326E00DC5498 /* HomeViewController.xib in Resources */ = {isa = PBXBuildFile; fileRef = 78A5C1942804326E00DC5498 /* HomeViewController.xib */; };
		78A5C199280435AE00DC5498 /* SignUpViewController.swift in Sources */ = {isa = PBXBuildFile; fileRef = 78A5C197280435AE00DC5498 /* SignUpViewController.swift */; };
		78A5C19A280435AE00DC5498 /* SignUpViewController.xib in Resources */ = {isa = PBXBuildFile; fileRef = 78A5C198280435AE00DC5498 /* SignUpViewController.xib */; };
		78EE367928043C6F0005DBB7 /* BaseViewController.swift in Sources */ = {isa = PBXBuildFile; fileRef = 78EE367828043C6F0005DBB7 /* BaseViewController.swift */; };
/* End PBXBuildFile section */

/* Begin PBXFileReference section */
		787C86F4280538BA004D316B /* User.swift */ = {isa = PBXFileReference; lastKnownFileType = sourcecode.swift; path = User.swift; sourceTree = "<group>"; };
		787C86F7280539F8004D316B /* UserTableViewCell.swift */ = {isa = PBXFileReference; lastKnownFileType = sourcecode.swift; path = UserTableViewCell.swift; sourceTree = "<group>"; };
		787C86F8280539F8004D316B /* UserTableViewCell.xib */ = {isa = PBXFileReference; lastKnownFileType = file.xib; path = UserTableViewCell.xib; sourceTree = "<group>"; };
		78A5C17628042D6500DC5498 /* InstaLoginTask.app */ = {isa = PBXFileReference; explicitFileType = wrapper.application; includeInIndex = 0; path = InstaLoginTask.app; sourceTree = BUILT_PRODUCTS_DIR; };
		78A5C17928042D6500DC5498 /* AppDelegate.swift */ = {isa = PBXFileReference; lastKnownFileType = sourcecode.swift; path = AppDelegate.swift; sourceTree = "<group>"; };
		78A5C17B28042D6500DC5498 /* SceneDelegate.swift */ = {isa = PBXFileReference; lastKnownFileType = sourcecode.swift; path = SceneDelegate.swift; sourceTree = "<group>"; };
		78A5C17D28042D6500DC5498 /* ViewController.swift */ = {isa = PBXFileReference; lastKnownFileType = sourcecode.swift; path = ViewController.swift; sourceTree = "<group>"; };
		78A5C18028042D6500DC5498 /* Base */ = {isa = PBXFileReference; lastKnownFileType = file.storyboard; name = Base; path = Base.lproj/Main.storyboard; sourceTree = "<group>"; };
		78A5C18228042D6A00DC5498 /* Assets.xcassets */ = {isa = PBXFileReference; lastKnownFileType = folder.assetcatalog; path = Assets.xcassets; sourceTree = "<group>"; };
		78A5C18528042D6A00DC5498 /* Base */ = {isa = PBXFileReference; lastKnownFileType = file.storyboard; name = Base; path = Base.lproj/LaunchScreen.storyboard; sourceTree = "<group>"; };
		78A5C18728042D6A00DC5498 /* Info.plist */ = {isa = PBXFileReference; lastKnownFileType = text.plist.xml; path = Info.plist; sourceTree = "<group>"; };
		78A5C18F28042DCC00DC5498 /* SignInViewController.swift */ = {isa = PBXFileReference; lastKnownFileType = sourcecode.swift; path = SignInViewController.swift; sourceTree = "<group>"; };
		78A5C19028042DCC00DC5498 /* SignInViewController.xib */ = {isa = PBXFileReference; lastKnownFileType = file.xib; path = SignInViewController.xib; sourceTree = "<group>"; };
		78A5C1932804326E00DC5498 /* HomeViewController.swift */ = {isa = PBXFileReference; lastKnownFileType = sourcecode.swift; path = HomeViewController.swift; sourceTree = "<group>"; };
		78A5C1942804326E00DC5498 /* HomeViewController.xib */ = {isa = PBXFileReference; lastKnownFileType = file.xib; path = HomeViewController.xib; sourceTree = "<group>"; };
		78A5C197280435AE00DC5498 /* SignUpViewController.swift */ = {isa = PBXFileReference; lastKnownFileType = sourcecode.swift; path = SignUpViewController.swift; sourceTree = "<group>"; };
		78A5C198280435AE00DC5498 /* SignUpViewController.xib */ = {isa = PBXFileReference; lastKnownFileType = file.xib; path = SignUpViewController.xib; sourceTree = "<group>"; };
		78EE367828043C6F0005DBB7 /* BaseViewController.swift */ = {isa = PBXFileReference; lastKnownFileType = sourcecode.swift; path = BaseViewController.swift; sourceTree = "<group>"; };
/* End PBXFileReference section */

/* Begin PBXFrameworksBuildPhase section */
		78A5C17328042D6500DC5498 /* Frameworks */ = {
			isa = PBXFrameworksBuildPhase;
			buildActionMask = 2147483647;
			files = (
			);
			runOnlyForDeploymentPostprocessing = 0;
		};
/* End PBXFrameworksBuildPhase section */

/* Begin PBXGroup section */
		787C86F328053872004D316B /* Models */ = {
			isa = PBXGroup;
			children = (
				787C86F4280538BA004D316B /* User.swift */,
			);
			path = Models;
			sourceTree = "<group>";
		};
		787C86F6280539D2004D316B /* Cells */ = {
			isa = PBXGroup;
			children = (
				787C86F7280539F8004D316B /* UserTableViewCell.swift */,
				787C86F8280539F8004D316B /* UserTableViewCell.xib */,
			);
			path = Cells;
			sourceTree = "<group>";
		};
		78A5C16D28042D6500DC5498 = {
			isa = PBXGroup;
			children = (
				78A5C17828042D6500DC5498 /* InstaLoginTask */,
				78A5C17728042D6500DC5498 /* Products */,
			);
			sourceTree = "<group>";
		};
		78A5C17728042D6500DC5498 /* Products */ = {
			isa = PBXGroup;
			children = (
				78A5C17628042D6500DC5498 /* InstaLoginTask.app */,
			);
			name = Products;
			sourceTree = "<group>";
		};
		78A5C17828042D6500DC5498 /* InstaLoginTask */ = {
			isa = PBXGroup;
			children = (
				787C86F6280539D2004D316B /* Cells */,
				787C86F328053872004D316B /* Models */,
				78A5C17928042D6500DC5498 /* AppDelegate.swift */,
				78A5C17B28042D6500DC5498 /* SceneDelegate.swift */,
				78A5C18728042D6A00DC5498 /* Info.plist */,
				78A5C18E28042D9300DC5498 /* Controllers */,
				78A5C18D28042D8800DC5498 /* AppUtils */,
			);
			path = InstaLoginTask;
			sourceTree = "<group>";
		};
		78A5C18D28042D8800DC5498 /* AppUtils */ = {
			isa = PBXGroup;
			children = (
				78A5C17D28042D6500DC5498 /* ViewController.swift */,
				78A5C18228042D6A00DC5498 /* Assets.xcassets */,
				78A5C17F28042D6500DC5498 /* Main.storyboard */,
				78A5C18428042D6A00DC5498 /* LaunchScreen.storyboard */,
			);
			path = AppUtils;
			sourceTree = "<group>";
		};
		78A5C18E28042D9300DC5498 /* Controllers */ = {
			isa = PBXGroup;
			children = (
				78EE367828043C6F0005DBB7 /* BaseViewController.swift */,
				78A5C18F28042DCC00DC5498 /* SignInViewController.swift */,
				78A5C19028042DCC00DC5498 /* SignInViewController.xib */,
				78A5C1932804326E00DC5498 /* HomeViewController.swift */,
				78A5C1942804326E00DC5498 /* HomeViewController.xib */,
				78A5C197280435AE00DC5498 /* SignUpViewController.swift */,
				78A5C198280435AE00DC5498 /* SignUpViewController.xib */,
			);
			path = Controllers;
			sourceTree = "<group>";
		};
/* End PBXGroup section */

/* Begin PBXNativeTarget section */
		78A5C17528042D6500DC5498 /* InstaLoginTask */ = {
			isa = PBXNativeTarget;
			buildConfigurationList = 78A5C18A28042D6A00DC5498 /* Build configuration list for PBXNativeTarget "InstaLoginTask" */;
			buildPhases = (
				78A5C17228042D6500DC5498 /* Sources */,
				78A5C17328042D6500DC5498 /* Frameworks */,
				78A5C17428042D6500DC5498 /* Resources */,
			);
			buildRules = (
			);
			dependencies = (
			);
			name = InstaLoginTask;
			productName = InstaLoginTask;
			productReference = 78A5C17628042D6500DC5498 /* InstaLoginTask.app */;
			productType = "com.apple.product-type.application";
		};
/* End PBXNativeTarget section */

/* Begin PBXProject section */
		78A5C16E28042D6500DC5498 /* Project object */ = {
			isa = PBXProject;
			attributes = {
				BuildIndependentTargetsInParallel = 1;
				LastSwiftUpdateCheck = 1330;
				LastUpgradeCheck = 1330;
				TargetAttributes = {
					78A5C17528042D6500DC5498 = {
						CreatedOnToolsVersion = 13.3;
					};
				};
			};
			buildConfigurationList = 78A5C17128042D6500DC5498 /* Build configuration list for PBXProject "InstaLoginTask" */;
			compatibilityVersion = "Xcode 13.0";
			developmentRegion = en;
			hasScannedForEncodings = 0;
			knownRegions = (
				en,
				Base,
			);
			mainGroup = 78A5C16D28042D6500DC5498;
			productRefGroup = 78A5C17728042D6500DC5498 /* Products */;
			projectDirPath = "";
			projectRoot = "";
			targets = (
				78A5C17528042D6500DC5498 /* InstaLoginTask */,
			);
		};
/* End PBXProject section */

/* Begin PBXResourcesBuildPhase section */
		78A5C17428042D6500DC5498 /* Resources */ = {
			isa = PBXResourcesBuildPhase;
			buildActionMask = 2147483647;
			files = (
				78A5C19228042DCC00DC5498 /* SignInViewController.xib in Resources */,
				78A5C18628042D6A00DC5498 /* LaunchScreen.storyboard in Resources */,
				78A5C1962804326E00DC5498 /* HomeViewController.xib in Resources */,
				787C86FA280539F9004D316B /* UserTableViewCell.xib in Resources */,
				78A5C18328042D6A00DC5498 /* Assets.xcassets in Resources */,
				78A5C19A280435AE00DC5498 /* SignUpViewController.xib in Resources */,
				78A5C18128042D6500DC5498 /* Main.storyboard in Resources */,
			);
			runOnlyForDeploymentPostprocessing = 0;
		};
/* End PBXResourcesBuildPhase section */

/* Begin PBXSourcesBuildPhase section */
		78A5C17228042D6500DC5498 /* Sources */ = {
			isa = PBXSourcesBuildPhase;
			buildActionMask = 2147483647;
			files = (
				78A5C199280435AE00DC5498 /* SignUpViewController.swift in Sources */,
				787C86F9280539F9004D316B /* UserTableViewCell.swift in Sources */,
				78A5C1952804326E00DC5498 /* HomeViewController.swift in Sources */,
				78A5C19128042DCC00DC5498 /* SignInViewController.swift in Sources */,
				78A5C17E28042D6500DC5498 /* ViewController.swift in Sources */,
				78A5C17A28042D6500DC5498 /* AppDelegate.swift in Sources */,
				787C86F5280538BA004D316B /* User.swift in Sources */,
				78EE367928043C6F0005DBB7 /* BaseViewController.swift in Sources */,
				78A5C17C28042D6500DC5498 /* SceneDelegate.swift in Sources */,
			);
			runOnlyForDeploymentPostprocessing = 0;
		};
/* End PBXSourcesBuildPhase section */

/* Begin PBXVariantGroup section */
		78A5C17F28042D6500DC5498 /* Main.storyboard */ = {
			isa = PBXVariantGroup;
			children = (
				78A5C18028042D6500DC5498 /* Base */,
			);
			name = Main.storyboard;
			sourceTree = "<group>";
		};
		78A5C18428042D6A00DC5498 /* LaunchScreen.storyboard */ = {
			isa = PBXVariantGroup;
			children = (
				78A5C18528042D6A00DC5498 /* Base */,
			);
			name = LaunchScreen.storyboard;
			sourceTree = "<group>";
		};
/* End PBXVariantGroup section */

/* Begin XCBuildConfiguration section */
		78A5C18828042D6A00DC5498 /* Debug */ = {
			isa = XCBuildConfiguration;
			buildSettings = {
				ALWAYS_SEARCH_USER_PATHS = NO;
				CLANG_ANALYZER_NONNULL = YES;
				CLANG_ANALYZER_NUMBER_OBJECT_CONVERSION = YES_AGGRESSIVE;
				CLANG_CXX_LANGUAGE_STANDARD = "gnu++17";
				CLANG_ENABLE_MODULES = YES;
				CLANG_ENABLE_OBJC_ARC = YES;
				CLANG_ENABLE_OBJC_WEAK = YES;
				CLANG_WARN_BLOCK_CAPTURE_AUTORELEASING = YES;
				CLANG_WARN_BOOL_CONVERSION = YES;
				CLANG_WARN_COMMA = YES;
				CLANG_WARN_CONSTANT_CONVERSION = YES;
				CLANG_WARN_DEPRECATED_OBJC_IMPLEMENTATIONS = YES;
				CLANG_WARN_DIRECT_OBJC_ISA_USAGE = YES_ERROR;
				CLANG_WARN_DOCUMENTATION_COMMENTS = YES;
				CLANG_WARN_EMPTY_BODY = YES;
				CLANG_WARN_ENUM_CONVERSION = YES;
				CLANG_WARN_INFINITE_RECURSION = YES;
				CLANG_WARN_INT_CONVERSION = YES;
				CLANG_WARN_NON_LITERAL_NULL_CONVERSION = YES;
				CLANG_WARN_OBJC_IMPLICIT_RETAIN_SELF = YES;
				CLANG_WARN_OBJC_LITERAL_CONVERSION = YES;
				CLANG_WARN_OBJC_ROOT_CLASS = YES_ERROR;
				CLANG_WARN_QUOTED_INCLUDE_IN_FRAMEWORK_HEADER = YES;
				CLANG_WARN_RANGE_LOOP_ANALYSIS = YES;
				CLANG_WARN_STRICT_PROTOTYPES = YES;
				CLANG_WARN_SUSPICIOUS_MOVE = YES;
				CLANG_WARN_UNGUARDED_AVAILABILITY = YES_AGGRESSIVE;
				CLANG_WARN_UNREACHABLE_CODE = YES;
				CLANG_WARN__DUPLICATE_METHOD_MATCH = YES;
				COPY_PHASE_STRIP = NO;
				DEBUG_INFORMATION_FORMAT = dwarf;
				ENABLE_STRICT_OBJC_MSGSEND = YES;
				ENABLE_TESTABILITY = YES;
				GCC_C_LANGUAGE_STANDARD = gnu11;
				GCC_DYNAMIC_NO_PIC = NO;
				GCC_NO_COMMON_BLOCKS = YES;
				GCC_OPTIMIZATION_LEVEL = 0;
				GCC_PREPROCESSOR_DEFINITIONS = (
					"DEBUG=1",
					"$(inherited)",
				);
				GCC_WARN_64_TO_32_BIT_CONVERSION = YES;
				GCC_WARN_ABOUT_RETURN_TYPE = YES_ERROR;
				GCC_WARN_UNDECLARED_SELECTOR = YES;
				GCC_WARN_UNINITIALIZED_AUTOS = YES_AGGRESSIVE;
				GCC_WARN_UNUSED_FUNCTION = YES;
				GCC_WARN_UNUSED_VARIABLE = YES;
				IPHONEOS_DEPLOYMENT_TARGET = 15.4;
				MTL_ENABLE_DEBUG_INFO = INCLUDE_SOURCE;
				MTL_FAST_MATH = YES;
				ONLY_ACTIVE_ARCH = YES;
				SDKROOT = iphoneos;
				SWIFT_ACTIVE_COMPILATION_CONDITIONS = DEBUG;
				SWIFT_OPTIMIZATION_LEVEL = "-Onone";
			};
			name = Debug;
		};
		78A5C18928042D6A00DC5498 /* Release */ = {
			isa = XCBuildConfiguration;
			buildSettings = {
				ALWAYS_SEARCH_USER_PATHS = NO;
				CLANG_ANALYZER_NONNULL = YES;
				CLANG_ANALYZER_NUMBER_OBJECT_CONVERSION = YES_AGGRESSIVE;
				CLANG_CXX_LANGUAGE_STANDARD = "gnu++17";
				CLANG_ENABLE_MODULES = YES;
				CLANG_ENABLE_OBJC_ARC = YES;
				CLANG_ENABLE_OBJC_WEAK = YES;
				CLANG_WARN_BLOCK_CAPTURE_AUTORELEASING = YES;
				CLANG_WARN_BOOL_CONVERSION = YES;
				CLANG_WARN_COMMA = YES;
				CLANG_WARN_CONSTANT_CONVERSION = YES;
				CLANG_WARN_DEPRECATED_OBJC_IMPLEMENTATIONS = YES;
				CLANG_WARN_DIRECT_OBJC_ISA_USAGE = YES_ERROR;
				CLANG_WARN_DOCUMENTATION_COMMENTS = YES;
				CLANG_WARN_EMPTY_BODY = YES;
				CLANG_WARN_ENUM_CONVERSION = YES;
				CLANG_WARN_INFINITE_RECURSION = YES;
				CLANG_WARN_INT_CONVERSION = YES;
				CLANG_WARN_NON_LITERAL_NULL_CONVERSION = YES;
				CLANG_WARN_OBJC_IMPLICIT_RETAIN_SELF = YES;
				CLANG_WARN_OBJC_LITERAL_CONVERSION = YES;
				CLANG_WARN_OBJC_ROOT_CLASS = YES_ERROR;
				CLANG_WARN_QUOTED_INCLUDE_IN_FRAMEWORK_HEADER = YES;
				CLANG_WARN_RANGE_LOOP_ANALYSIS = YES;
				CLANG_WARN_STRICT_PROTOTYPES = YES;
				CLANG_WARN_SUSPICIOUS_MOVE = YES;
				CLANG_WARN_UNGUARDED_AVAILABILITY = YES_AGGRESSIVE;
				CLANG_WARN_UNREACHABLE_CODE = YES;
				CLANG_WARN__DUPLICATE_METHOD_MATCH = YES;
				COPY_PHASE_STRIP = NO;
				DEBUG_INFORMATION_FORMAT = "dwarf-with-dsym";
				ENABLE_NS_ASSERTIONS = NO;
				ENABLE_STRICT_OBJC_MSGSEND = YES;
				GCC_C_LANGUAGE_STANDARD = gnu11;
				GCC_NO_COMMON_BLOCKS = YES;
				GCC_WARN_64_TO_32_BIT_CONVERSION = YES;
				GCC_WARN_ABOUT_RETURN_TYPE = YES_ERROR;
				GCC_WARN_UNDECLARED_SELECTOR = YES;
				GCC_WARN_UNINITIALIZED_AUTOS = YES_AGGRESSIVE;
				GCC_WARN_UNUSED_FUNCTION = YES;
				GCC_WARN_UNUSED_VARIABLE = YES;
				IPHONEOS_DEPLOYMENT_TARGET = 15.4;
				MTL_ENABLE_DEBUG_INFO = NO;
				MTL_FAST_MATH = YES;
				SDKROOT = iphoneos;
				SWIFT_COMPILATION_MODE = wholemodule;
				SWIFT_OPTIMIZATION_LEVEL = "-O";
				VALIDATE_PRODUCT = YES;
			};
			name = Release;
		};
		78A5C18B28042D6A00DC5498 /* Debug */ = {
			isa = XCBuildConfiguration;
			buildSettings = {
				ASSETCATALOG_COMPILER_APPICON_NAME = AppIcon;
				ASSETCATALOG_COMPILER_GLOBAL_ACCENT_COLOR_NAME = AccentColor;
				CODE_SIGN_STYLE = Automatic;
				CURRENT_PROJECT_VERSION = 1;
				GENERATE_INFOPLIST_FILE = YES;
				INFOPLIST_FILE = InstaLoginTask/Info.plist;
				INFOPLIST_KEY_UIApplicationSupportsIndirectInputEvents = YES;
				INFOPLIST_KEY_UILaunchStoryboardName = LaunchScreen;
				INFOPLIST_KEY_UIMainStoryboardFile = Main;
				INFOPLIST_KEY_UISupportedInterfaceOrientations_iPad = "UIInterfaceOrientationPortrait UIInterfaceOrientationPortraitUpsideDown UIInterfaceOrientationLandscapeLeft UIInterfaceOrientationLandscapeRight";
				INFOPLIST_KEY_UISupportedInterfaceOrientations_iPhone = "UIInterfaceOrientationPortrait UIInterfaceOrientationLandscapeLeft UIInterfaceOrientationLandscapeRight";
				LD_RUNPATH_SEARCH_PATHS = (
					"$(inherited)",
					"@executable_path/Frameworks",
				);
				MARKETING_VERSION = 1.0;
				PRODUCT_BUNDLE_IDENTIFIER = "Samandar-Toshpulatov.InstaLoginTask";
				PRODUCT_NAME = "$(TARGET_NAME)";
				SWIFT_EMIT_LOC_STRINGS = YES;
				SWIFT_VERSION = 5.0;
				TARGETED_DEVICE_FAMILY = "1,2";
			};
			name = Debug;
		};
		78A5C18C28042D6A00DC5498 /* Release */ = {
			isa = XCBuildConfiguration;
			buildSettings = {
				ASSETCATALOG_COMPILER_APPICON_NAME = AppIcon;
				ASSETCATALOG_COMPILER_GLOBAL_ACCENT_COLOR_NAME = AccentColor;
				CODE_SIGN_STYLE = Automatic;
				CURRENT_PROJECT_VERSION = 1;
				GENERATE_INFOPLIST_FILE = YES;
				INFOPLIST_FILE = InstaLoginTask/Info.plist;
				INFOPLIST_KEY_UIApplicationSupportsIndirectInputEvents = YES;
				INFOPLIST_KEY_UILaunchStoryboardName = LaunchScreen;
				INFOPLIST_KEY_UIMainStoryboardFile = Main;
				INFOPLIST_KEY_UISupportedInterfaceOrientations_iPad = "UIInterfaceOrientationPortrait UIInterfaceOrientationPortraitUpsideDown UIInterfaceOrientationLandscapeLeft UIInterfaceOrientationLandscapeRight";
				INFOPLIST_KEY_UISupportedInterfaceOrientations_iPhone = "UIInterfaceOrientationPortrait UIInterfaceOrientationLandscapeLeft UIInterfaceOrientationLandscapeRight";
				LD_RUNPATH_SEARCH_PATHS = (
					"$(inherited)",
					"@executable_path/Frameworks",
				);
				MARKETING_VERSION = 1.0;
				PRODUCT_BUNDLE_IDENTIFIER = "Samandar-Toshpulatov.InstaLoginTask";
				PRODUCT_NAME = "$(TARGET_NAME)";
				SWIFT_EMIT_LOC_STRINGS = YES;
				SWIFT_VERSION = 5.0;
				TARGETED_DEVICE_FAMILY = "1,2";
			};
			name = Release;
		};
/* End XCBuildConfiguration section */

/* Begin XCConfigurationList section */
		78A5C17128042D6500DC5498 /* Build configuration list for PBXProject "InstaLoginTask" */ = {
			isa = XCConfigurationList;
			buildConfigurations = (
				78A5C18828042D6A00DC5498 /* Debug */,
				78A5C18928042D6A00DC5498 /* Release */,
			);
			defaultConfigurationIsVisible = 0;
			defaultConfigurationName = Release;
		};
		78A5C18A28042D6A00DC5498 /* Build configuration list for PBXNativeTarget "InstaLoginTask" */ = {
			isa = XCConfigurationList;
			buildConfigurations = (
				78A5C18B28042D6A00DC5498 /* Debug */,
				78A5C18C28042D6A00DC5498 /* Release */,
			);
			defaultConfigurationIsVisible = 0;
			defaultConfigurationName = Release;
		};
/* End XCConfigurationList section */
	};
	rootObject = 78A5C16E28042D6500DC5498 /* Project object */;
}
